
Microsoft Visual Studio Solution File, Format Version 12.00
# Visual Studio Version 17
VisualStudioVersion = 17.10.35122.118
MinimumVisualStudioVersion = 10.0.40219.1
Project("{FAE04EC0-301F-11D3-BF4B-00C04F79EFBC}") = "FinalExamProject", "FinalExamProject\FinalExamProject.csproj", "{1A7F5EFC-08C5-4CEC-92EE-70190F8F98E0}"
EndProject
Global
	GlobalSection(SolutionConfigurationPlatforms) = preSolution
		Debug|Any CPU = Debug|Any CPU
		Release|Any CPU = Release|Any CPU
	EndGlobalSection
	GlobalSection(ProjectConfigurationPlatforms) = postSolution
		{1A7F5EFC-08C5-4CEC-92EE-70190F8F98E0}.Debug|Any CPU.ActiveCfg = Debug|Any CPU
		{1A7F5EFC-08C5-4CEC-92EE-70190F8F98E0}.Debug|Any CPU.Build.0 = Debug|Any CPU
		{1A7F5EFC-08C5-4CEC-92EE-70190F8F98E0}.Release|Any CPU.ActiveCfg = Release|Any CPU
		{1A7F5EFC-08C5-4CEC-92EE-70190F8F98E0}.Release|Any CPU.Build.0 = Release|Any CPU
	EndGlobalSection
	GlobalSection(SolutionProperties) = preSolution
		HideSolutionNode = FALSE
	EndGlobalSection
	GlobalSection(ExtensibilityGlobals) = postSolution
		SolutionGuid = {A8EE2C73-03E9-49D4-9A7A-4322AC903726}
	EndGlobalSection
EndGlobal
